// !$*UTF8*$!
{
	archiveVersion = 1;
	classes = {
	};
	objectVersion = 48;
	objects = {

/* Begin PBXBuildFile section */
		9AC953061FD6493900B5DE20 /* AppDelegate.m in Sources */ = {isa = PBXBuildFile; fileRef = 9AC953051FD6493900B5DE20 /* AppDelegate.m */; };
		9AC953091FD6493900B5DE20 /* ViewController.m in Sources */ = {isa = PBXBuildFile; fileRef = 9AC953081FD6493900B5DE20 /* ViewController.m */; };
		9AC9530C1FD6493900B5DE20 /* Main.storyboard in Resources */ = {isa = PBXBuildFile; fileRef = 9AC9530A1FD6493900B5DE20 /* Main.storyboard */; };
		9AC9530E1FD6493900B5DE20 /* Assets.xcassets in Resources */ = {isa = PBXBuildFile; fileRef = 9AC9530D1FD6493900B5DE20 /* Assets.xcassets */; };
		9AC953111FD6493900B5DE20 /* LaunchScreen.storyboard in Resources */ = {isa = PBXBuildFile; fileRef = 9AC9530F1FD6493900B5DE20 /* LaunchScreen.storyboard */; };
		9AC953141FD6493900B5DE20 /* main.m in Sources */ = {isa = PBXBuildFile; fileRef = 9AC953131FD6493900B5DE20 /* main.m */; };
		9AC9531E1FD6493900B5DE20 /* FadeNavigationController_ExampleTests.m in Sources */ = {isa = PBXBuildFile; fileRef = 9AC9531D1FD6493900B5DE20 /* FadeNavigationController_ExampleTests.m */; };
		9AC953291FD6493900B5DE20 /* FadeNavigationController_ExampleUITests.m in Sources */ = {isa = PBXBuildFile; fileRef = 9AC953281FD6493900B5DE20 /* FadeNavigationController_ExampleUITests.m */; };
		9AC9533B1FD64C8400B5DE20 /* SYNavigationController.m in Sources */ = {isa = PBXBuildFile; fileRef = 9AC9533A1FD64C8400B5DE20 /* SYNavigationController.m */; };
/* End PBXBuildFile section */

/* Begin PBXContainerItemProxy section */
		9AC9531A1FD6493900B5DE20 /* PBXContainerItemProxy */ = {
			isa = PBXContainerItemProxy;
			containerPortal = 9AC952F91FD6493900B5DE20 /* Project object */;
			proxyType = 1;
			remoteGlobalIDString = 9AC953001FD6493900B5DE20;
			remoteInfo = FadeNavigationController_Example;
		};
		9AC953251FD6493900B5DE20 /* PBXContainerItemProxy */ = {
			isa = PBXContainerItemProxy;
			containerPortal = 9AC952F91FD6493900B5DE20 /* Project object */;
			proxyType = 1;
			remoteGlobalIDString = 9AC953001FD6493900B5DE20;
			remoteInfo = FadeNavigationController_Example;
		};
/* End PBXContainerItemProxy section */

/* Begin PBXFileReference section */
		9AC953011FD6493900B5DE20 /* FadeNavigationController_Example.app */ = {isa = PBXFileReference; explicitFileType = wrapper.application; includeInIndex = 0; path = FadeNavigationController_Example.app; sourceTree = BUILT_PRODUCTS_DIR; };
		9AC953041FD6493900B5DE20 /* AppDelegate.h */ = {isa = PBXFileReference; lastKnownFileType = sourcecode.c.h; path = AppDelegate.h; sourceTree = "<group>"; };
		9AC953051FD6493900B5DE20 /* AppDelegate.m */ = {isa = PBXFileReference; lastKnownFileType = sourcecode.c.objc; path = AppDelegate.m; sourceTree = "<group>"; };
		9AC953071FD6493900B5DE20 /* ViewController.h */ = {isa = PBXFileReference; lastKnownFileType = sourcecode.c.h; path = ViewController.h; sourceTree = "<group>"; };
		9AC953081FD6493900B5DE20 /* ViewController.m */ = {isa = PBXFileReference; lastKnownFileType = sourcecode.c.objc; path = ViewController.m; sourceTree = "<group>"; };
		9AC9530B1FD6493900B5DE20 /* Base */ = {isa = PBXFileReference; lastKnownFileType = file.storyboard; name = Base; path = Base.lproj/Main.storyboard; sourceTree = "<group>"; };
		9AC9530D1FD6493900B5DE20 /* Assets.xcassets */ = {isa = PBXFileReference; lastKnownFileType = folder.assetcatalog; path = Assets.xcassets; sourceTree = "<group>"; };
		9AC953101FD6493900B5DE20 /* Base */ = {isa = PBXFileReference; lastKnownFileType = file.storyboard; name = Base; path = Base.lproj/LaunchScreen.storyboard; sourceTree = "<group>"; };
		9AC953121FD6493900B5DE20 /* Info.plist */ = {isa = PBXFileReference; lastKnownFileType = text.plist.xml; path = Info.plist; sourceTree = "<group>"; };
		9AC953131FD6493900B5DE20 /* main.m */ = {isa = PBXFileReference; lastKnownFileType = sourcecode.c.objc; path = main.m; sourceTree = "<group>"; };
		9AC953191FD6493900B5DE20 /* FadeNavigationController_ExampleTests.xctest */ = {isa = PBXFileReference; explicitFileType = wrapper.cfbundle; includeInIndex = 0; path = FadeNavigationController_ExampleTests.xctest; sourceTree = BUILT_PRODUCTS_DIR; };
		9AC9531D1FD6493900B5DE20 /* FadeNavigationController_ExampleTests.m */ = {isa = PBXFileReference; lastKnownFileType = sourcecode.c.objc; path = FadeNavigationController_ExampleTests.m; sourceTree = "<group>"; };
		9AC9531F1FD6493900B5DE20 /* Info.plist */ = {isa = PBXFileReference; lastKnownFileType = text.plist.xml; path = Info.plist; sourceTree = "<group>"; };
		9AC953241FD6493900B5DE20 /* FadeNavigationController_ExampleUITests.xctest */ = {isa = PBXFileReference; explicitFileType = wrapper.cfbundle; includeInIndex = 0; path = FadeNavigationController_ExampleUITests.xctest; sourceTree = BUILT_PRODUCTS_DIR; };
		9AC953281FD6493900B5DE20 /* FadeNavigationController_ExampleUITests.m */ = {isa = PBXFileReference; lastKnownFileType = sourcecode.c.objc; path = FadeNavigationController_ExampleUITests.m; sourceTree = "<group>"; };
		9AC9532A1FD6493900B5DE20 /* Info.plist */ = {isa = PBXFileReference; lastKnownFileType = text.plist.xml; path = Info.plist; sourceTree = "<group>"; };
		9AC953391FD64C8400B5DE20 /* SYNavigationController.h */ = {isa = PBXFileReference; lastKnownFileType = sourcecode.c.h; path = SYNavigationController.h; sourceTree = "<group>"; };
		9AC9533A1FD64C8400B5DE20 /* SYNavigationController.m */ = {isa = PBXFileReference; lastKnownFileType = sourcecode.c.objc; path = SYNavigationController.m; sourceTree = "<group>"; };
/* End PBXFileReference section */

/* Begin PBXFrameworksBuildPhase section */
		9AC952FE1FD6493900B5DE20 /* Frameworks */ = {
			isa = PBXFrameworksBuildPhase;
			buildActionMask = 2147483647;
			files = (
			);
			runOnlyForDeploymentPostprocessing = 0;
		};
		9AC953161FD6493900B5DE20 /* Frameworks */ = {
			isa = PBXFrameworksBuildPhase;
			buildActionMask = 2147483647;
			files = (
			);
			runOnlyForDeploymentPostprocessing = 0;
		};
		9AC953211FD6493900B5DE20 /* Frameworks */ = {
			isa = PBXFrameworksBuildPhase;
			buildActionMask = 2147483647;
			files = (
			);
			runOnlyForDeploymentPostprocessing = 0;
		};
/* End PBXFrameworksBuildPhase section */

/* Begin PBXGroup section */
		9AC952F81FD6493900B5DE20 = {
			isa = PBXGroup;
			children = (
				9AC953031FD6493900B5DE20 /* FadeNavigationController_Example */,
				9AC9531C1FD6493900B5DE20 /* FadeNavigationController_ExampleTests */,
				9AC953271FD6493900B5DE20 /* FadeNavigationController_ExampleUITests */,
				9AC953021FD6493900B5DE20 /* Products */,
			);
			sourceTree = "<group>";
		};
		9AC953021FD6493900B5DE20 /* Products */ = {
			isa = PBXGroup;
			children = (
				9AC953011FD6493900B5DE20 /* FadeNavigationController_Example.app */,
				9AC953191FD6493900B5DE20 /* FadeNavigationController_ExampleTests.xctest */,
				9AC953241FD6493900B5DE20 /* FadeNavigationController_ExampleUITests.xctest */,
			);
			name = Products;
			sourceTree = "<group>";
		};
		9AC953031FD6493900B5DE20 /* FadeNavigationController_Example */ = {
			isa = PBXGroup;
			children = (
				9AC953041FD6493900B5DE20 /* AppDelegate.h */,
				9AC953051FD6493900B5DE20 /* AppDelegate.m */,
				9AC953071FD6493900B5DE20 /* ViewController.h */,
				9AC953081FD6493900B5DE20 /* ViewController.m */,
				9AC953391FD64C8400B5DE20 /* SYNavigationController.h */,
				9AC9533A1FD64C8400B5DE20 /* SYNavigationController.m */,
				9AC9530A1FD6493900B5DE20 /* Main.storyboard */,
				9AC9530D1FD6493900B5DE20 /* Assets.xcassets */,
				9AC9530F1FD6493900B5DE20 /* LaunchScreen.storyboard */,
				9AC953121FD6493900B5DE20 /* Info.plist */,
				9AC953131FD6493900B5DE20 /* main.m */,
			);
			path = FadeNavigationController_Example;
			sourceTree = "<group>";
		};
		9AC9531C1FD6493900B5DE20 /* FadeNavigationController_ExampleTests */ = {
			isa = PBXGroup;
			children = (
				9AC9531D1FD6493900B5DE20 /* FadeNavigationController_ExampleTests.m */,
				9AC9531F1FD6493900B5DE20 /* Info.plist */,
			);
			path = FadeNavigationController_ExampleTests;
			sourceTree = "<group>";
		};
		9AC953271FD6493900B5DE20 /* FadeNavigationController_ExampleUITests */ = {
			isa = PBXGroup;
			children = (
				9AC953281FD6493900B5DE20 /* FadeNavigationController_ExampleUITests.m */,
				9AC9532A1FD6493900B5DE20 /* Info.plist */,
			);
			path = FadeNavigationController_ExampleUITests;
			sourceTree = "<group>";
		};
/* End PBXGroup section */

/* Begin PBXNativeTarget section */
		9AC953001FD6493900B5DE20 /* FadeNavigationController_Example */ = {
			isa = PBXNativeTarget;
			buildConfigurationList = 9AC9532D1FD6493900B5DE20 /* Build configuration list for PBXNativeTarget "FadeNavigationController_Example" */;
			buildPhases = (
				9AC952FD1FD6493900B5DE20 /* Sources */,
				9AC952FE1FD6493900B5DE20 /* Frameworks */,
				9AC952FF1FD6493900B5DE20 /* Resources */,
			);
			buildRules = (
			);
			dependencies = (
			);
			name = FadeNavigationController_Example;
			productName = FadeNavigationController_Example;
			productReference = 9AC953011FD6493900B5DE20 /* FadeNavigationController_Example.app */;
			productType = "com.apple.product-type.application";
		};
		9AC953181FD6493900B5DE20 /* FadeNavigationController_ExampleTests */ = {
			isa = PBXNativeTarget;
			buildConfigurationList = 9AC953301FD6493900B5DE20 /* Build configuration list for PBXNativeTarget "FadeNavigationController_ExampleTests" */;
			buildPhases = (
				9AC953151FD6493900B5DE20 /* Sources */,
				9AC953161FD6493900B5DE20 /* Frameworks */,
				9AC953171FD6493900B5DE20 /* Resources */,
			);
			buildRules = (
			);
			dependencies = (
				9AC9531B1FD6493900B5DE20 /* PBXTargetDependency */,
			);
			name = FadeNavigationController_ExampleTests;
			productName = FadeNavigationController_ExampleTests;
			productReference = 9AC953191FD6493900B5DE20 /* FadeNavigationController_ExampleTests.xctest */;
			productType = "com.apple.product-type.bundle.unit-test";
		};
		9AC953231FD6493900B5DE20 /* FadeNavigationController_ExampleUITests */ = {
			isa = PBXNativeTarget;
			buildConfigurationList = 9AC953331FD6493900B5DE20 /* Build configuration list for PBXNativeTarget "FadeNavigationController_ExampleUITests" */;
			buildPhases = (
				9AC953201FD6493900B5DE20 /* Sources */,
				9AC953211FD6493900B5DE20 /* Frameworks */,
				9AC953221FD6493900B5DE20 /* Resources */,
			);
			buildRules = (
			);
			dependencies = (
				9AC953261FD6493900B5DE20 /* PBXTargetDependency */,
			);
			name = FadeNavigationController_ExampleUITests;
			productName = FadeNavigationController_ExampleUITests;
			productReference = 9AC953241FD6493900B5DE20 /* FadeNavigationController_ExampleUITests.xctest */;
			productType = "com.apple.product-type.bundle.ui-testing";
		};
/* End PBXNativeTarget section */

/* Begin PBXProject section */
		9AC952F91FD6493900B5DE20 /* Project object */ = {
			isa = PBXProject;
			attributes = {
				LastUpgradeCheck = 0900;
				ORGANIZATIONNAME = macmini;
				TargetAttributes = {
					9AC953001FD6493900B5DE20 = {
						CreatedOnToolsVersion = 9.0;
						ProvisioningStyle = Automatic;
					};
					9AC953181FD6493900B5DE20 = {
						CreatedOnToolsVersion = 9.0;
						ProvisioningStyle = Automatic;
						TestTargetID = 9AC953001FD6493900B5DE20;
					};
					9AC953231FD6493900B5DE20 = {
						CreatedOnToolsVersion = 9.0;
						ProvisioningStyle = Automatic;
						TestTargetID = 9AC953001FD6493900B5DE20;
					};
				};
			};
			buildConfigurationList = 9AC952FC1FD6493900B5DE20 /* Build configuration list for PBXProject "FadeNavigationController_Example" */;
			compatibilityVersion = "Xcode 8.0";
			developmentRegion = en;
			hasScannedForEncodings = 0;
			knownRegions = (
				en,
				Base,
			);
			mainGroup = 9AC952F81FD6493900B5DE20;
			productRefGroup = 9AC953021FD6493900B5DE20 /* Products */;
			projectDirPath = "";
			projectRoot = "";
			targets = (
				9AC953001FD6493900B5DE20 /* FadeNavigationController_Example */,
				9AC953181FD6493900B5DE20 /* FadeNavigationController_ExampleTests */,
				9AC953231FD6493900B5DE20 /* FadeNavigationController_ExampleUITests */,
			);
		};
/* End PBXProject section */

/* Begin PBXResourcesBuildPhase section */
		9AC952FF1FD6493900B5DE20 /* Resources */ = {
			isa = PBXResourcesBuildPhase;
			buildActionMask = 2147483647;
			files = (
				9AC953111FD6493900B5DE20 /* LaunchScreen.storyboard in Resources */,
				9AC9530E1FD6493900B5DE20 /* Assets.xcassets in Resources */,
				9AC9530C1FD6493900B5DE20 /* Main.storyboard in Resources */,
			);
			runOnlyForDeploymentPostprocessing = 0;
		};
		9AC953171FD6493900B5DE20 /* Resources */ = {
			isa = PBXResourcesBuildPhase;
			buildActionMask = 2147483647;
			files = (
			);
			runOnlyForDeploymentPostprocessing = 0;
		};
		9AC953221FD6493900B5DE20 /* Resources */ = {
			isa = PBXResourcesBuildPhase;
			buildActionMask = 2147483647;
			files = (
			);
			runOnlyForDeploymentPostprocessing = 0;
		};
/* End PBXResourcesBuildPhase section */

/* Begin PBXSourcesBuildPhase section */
		9AC952FD1FD6493900B5DE20 /* Sources */ = {
			isa = PBXSourcesBuildPhase;
			buildActionMask = 2147483647;
			files = (
				9AC953091FD6493900B5DE20 /* ViewController.m in Sources */,
				9AC953141FD6493900B5DE20 /* main.m in Sources */,
				9AC953061FD6493900B5DE20 /* AppDelegate.m in Sources */,
				9AC9533B1FD64C8400B5DE20 /* SYNavigationController.m in Sources */,
			);
			runOnlyForDeploymentPostprocessing = 0;
		};
		9AC953151FD6493900B5DE20 /* Sources */ = {
			isa = PBXSourcesBuildPhase;
			buildActionMask = 2147483647;
			files = (
				9AC9531E1FD6493900B5DE20 /* FadeNavigationController_ExampleTests.m in Sources */,
			);
			runOnlyForDeploymentPostprocessing = 0;
		};
		9AC953201FD6493900B5DE20 /* Sources */ = {
			isa = PBXSourcesBuildPhase;
			buildActionMask = 2147483647;
			files = (
				9AC953291FD6493900B5DE20 /* FadeNavigationController_ExampleUITests.m in Sources */,
			);
			runOnlyForDeploymentPostprocessing = 0;
		};
/* End PBXSourcesBuildPhase section */

/* Begin PBXTargetDependency section */
		9AC9531B1FD6493900B5DE20 /* PBXTargetDependency */ = {
			isa = PBXTargetDependency;
			target = 9AC953001FD6493900B5DE20 /* FadeNavigationController_Example */;
			targetProxy = 9AC9531A1FD6493900B5DE20 /* PBXContainerItemProxy */;
		};
		9AC953261FD6493900B5DE20 /* PBXTargetDependency */ = {
			isa = PBXTargetDependency;
			target = 9AC953001FD6493900B5DE20 /* FadeNavigationController_Example */;
			targetProxy = 9AC953251FD6493900B5DE20 /* PBXContainerItemProxy */;
		};
/* End PBXTargetDependency section */

/* Begin PBXVariantGroup section */
		9AC9530A1FD6493900B5DE20 /* Main.storyboard */ = {
			isa = PBXVariantGroup;
			children = (
				9AC9530B1FD6493900B5DE20 /* Base */,
			);
			name = Main.storyboard;
			sourceTree = "<group>";
		};
		9AC9530F1FD6493900B5DE20 /* LaunchScreen.storyboard */ = {
			isa = PBXVariantGroup;
			children = (
				9AC953101FD6493900B5DE20 /* Base */,
			);
			name = LaunchScreen.storyboard;
			sourceTree = "<group>";
		};
/* End PBXVariantGroup section */

/* Begin XCBuildConfiguration section */
		9AC9532B1FD6493900B5DE20 /* Debug */ = {
			isa = XCBuildConfiguration;
			buildSettings = {
				ALWAYS_SEARCH_USER_PATHS = NO;
				CLANG_ANALYZER_NONNULL = YES;
				CLANG_ANALYZER_NUMBER_OBJECT_CONVERSION = YES_AGGRESSIVE;
				CLANG_CXX_LANGUAGE_STANDARD = "gnu++14";
				CLANG_CXX_LIBRARY = "libc++";
				CLANG_ENABLE_MODULES = YES;
				CLANG_ENABLE_OBJC_ARC = YES;
				CLANG_WARN_BLOCK_CAPTURE_AUTORELEASING = YES;
				CLANG_WARN_BOOL_CONVERSION = YES;
				CLANG_WARN_COMMA = YES;
				CLANG_WARN_CONSTANT_CONVERSION = YES;
				CLANG_WARN_DIRECT_OBJC_ISA_USAGE = YES_ERROR;
				CLANG_WARN_DOCUMENTATION_COMMENTS = YES;
				CLANG_WARN_EMPTY_BODY = YES;
				CLANG_WARN_ENUM_CONVERSION = YES;
				CLANG_WARN_INFINITE_RECURSION = YES;
				CLANG_WARN_INT_CONVERSION = YES;
				CLANG_WARN_NON_LITERAL_NULL_CONVERSION = YES;
				CLANG_WARN_OBJC_LITERAL_CONVERSION = YES;
				CLANG_WARN_OBJC_ROOT_CLASS = YES_ERROR;
				CLANG_WARN_RANGE_LOOP_ANALYSIS = YES;
				CLANG_WARN_STRICT_PROTOTYPES = YES;
				CLANG_WARN_SUSPICIOUS_MOVE = YES;
				CLANG_WARN_UNGUARDED_AVAILABILITY = YES_AGGRESSIVE;
				CLANG_WARN_UNREACHABLE_CODE = YES;
				CLANG_WARN__DUPLICATE_METHOD_MATCH = YES;
				CODE_SIGN_IDENTITY = "iPhone Developer";
				COPY_PHASE_STRIP = NO;
				DEBUG_INFORMATION_FORMAT = dwarf;
				ENABLE_STRICT_OBJC_MSGSEND = YES;
				ENABLE_TESTABILITY = YES;
				GCC_C_LANGUAGE_STANDARD = gnu11;
				GCC_DYNAMIC_NO_PIC = NO;
				GCC_NO_COMMON_BLOCKS = YES;
				GCC_OPTIMIZATION_LEVEL = 0;
				GCC_PREPROCESSOR_DEFINITIONS = (
					"DEBUG=1",
					"$(inherited)",
				);
				GCC_WARN_64_TO_32_BIT_CONVERSION = YES;
				GCC_WARN_ABOUT_RETURN_TYPE = YES_ERROR;
				GCC_WARN_UNDECLARED_SELECTOR = YES;
				GCC_WARN_UNINITIALIZED_AUTOS = YES_AGGRESSIVE;
				GCC_WARN_UNUSED_FUNCTION = YES;
				GCC_WARN_UNUSED_VARIABLE = YES;
				IPHONEOS_DEPLOYMENT_TARGET = 11.0;
				MTL_ENABLE_DEBUG_INFO = YES;
				ONLY_ACTIVE_ARCH = YES;
				SDKROOT = iphoneos;
			};
			name = Debug;
		};
		9AC9532C1FD6493900B5DE20 /* Release */ = {
			isa = XCBuildConfiguration;
			buildSettings = {
				ALWAYS_SEARCH_USER_PATHS = NO;
				CLANG_ANALYZER_NONNULL = YES;
				CLANG_ANALYZER_NUMBER_OBJECT_CONVERSION = YES_AGGRESSIVE;
				CLANG_CXX_LANGUAGE_STANDARD = "gnu++14";
				CLANG_CXX_LIBRARY = "libc++";
				CLANG_ENABLE_MODULES = YES;
				CLANG_ENABLE_OBJC_ARC = YES;
				CLANG_WARN_BLOCK_CAPTURE_AUTORELEASING = YES;
				CLANG_WARN_BOOL_CONVERSION = YES;
				CLANG_WARN_COMMA = YES;
				CLANG_WARN_CONSTANT_CONVERSION = YES;
				CLANG_WARN_DIRECT_OBJC_ISA_USAGE = YES_ERROR;
				CLANG_WARN_DOCUMENTATION_COMMENTS = YES;
				CLANG_WARN_EMPTY_BODY = YES;
				CLANG_WARN_ENUM_CONVERSION = YES;
				CLANG_WARN_INFINITE_RECURSION = YES;
				CLANG_WARN_INT_CONVERSION = YES;
				CLANG_WARN_NON_LITERAL_NULL_CONVERSION = YES;
				CLANG_WARN_OBJC_LITERAL_CONVERSION = YES;
				CLANG_WARN_OBJC_ROOT_CLASS = YES_ERROR;
				CLANG_WARN_RANGE_LOOP_ANALYSIS = YES;
				CLANG_WARN_STRICT_PROTOTYPES = YES;
				CLANG_WARN_SUSPICIOUS_MOVE = YES;
				CLANG_WARN_UNGUARDED_AVAILABILITY = YES_AGGRESSIVE;
				CLANG_WARN_UNREACHABLE_CODE = YES;
				CLANG_WARN__DUPLICATE_METHOD_MATCH = YES;
				CODE_SIGN_IDENTITY = "iPhone Developer";
				COPY_PHASE_STRIP = NO;
				DEBUG_INFORMATION_FORMAT = "dwarf-with-dsym";
				ENABLE_NS_ASSERTIONS = NO;
				ENABLE_STRICT_OBJC_MSGSEND = YES;
				GCC_C_LANGUAGE_STANDARD = gnu11;
				GCC_NO_COMMON_BLOCKS = YES;
				GCC_WARN_64_TO_32_BIT_CONVERSION = YES;
				GCC_WARN_ABOUT_RETURN_TYPE = YES_ERROR;
				GCC_WARN_UNDECLARED_SELECTOR = YES;
				GCC_WARN_UNINITIALIZED_AUTOS = YES_AGGRESSIVE;
				GCC_WARN_UNUSED_FUNCTION = YES;
				GCC_WARN_UNUSED_VARIABLE = YES;
				IPHONEOS_DEPLOYMENT_TARGET = 11.0;
				MTL_ENABLE_DEBUG_INFO = NO;
				SDKROOT = iphoneos;
				VALIDATE_PRODUCT = YES;
			};
			name = Release;
		};
		9AC9532E1FD6493900B5DE20 /* Debug */ = {
			isa = XCBuildConfiguration;
			buildSettings = {
				ASSETCATALOG_COMPILER_APPICON_NAME = AppIcon;
				CODE_SIGN_STYLE = Automatic;
				INFOPLIST_FILE = FadeNavigationController_Example/Info.plist;
				LD_RUNPATH_SEARCH_PATHS = "$(inherited) @executable_path/Frameworks";
				PRODUCT_BUNDLE_IDENTIFIER = "sy-mac.FadeNavigationController-Example";
				PRODUCT_NAME = "$(TARGET_NAME)";
				TARGETED_DEVICE_FAMILY = "1,2";
			};
			name = Debug;
		};
		9AC9532F1FD6493900B5DE20 /* Release */ = {
			isa = XCBuildConfiguration;
			buildSettings = {
				ASSETCATALOG_COMPILER_APPICON_NAME = AppIcon;
				CODE_SIGN_STYLE = Automatic;
				INFOPLIST_FILE = FadeNavigationController_Example/Info.plist;
				LD_RUNPATH_SEARCH_PATHS = "$(inherited) @executable_path/Frameworks";
				PRODUCT_BUNDLE_IDENTIFIER = "sy-mac.FadeNavigationController-Example";
				PRODUCT_NAME = "$(TARGET_NAME)";
				TARGETED_DEVICE_FAMILY = "1,2";
			};
			name = Release;
		};
		9AC953311FD6493900B5DE20 /* Debug */ = {
			isa = XCBuildConfiguration;
			buildSettings = {
				BUNDLE_LOADER = "$(TEST_HOST)";
				CODE_SIGN_STYLE = Automatic;
				INFOPLIST_FILE = FadeNavigationController_ExampleTests/Info.plist;
				LD_RUNPATH_SEARCH_PATHS = "$(inherited) @executable_path/Frameworks @loader_path/Frameworks";
				PRODUCT_BUNDLE_IDENTIFIER = "sy-mac.FadeNavigationController-ExampleTests";
				PRODUCT_NAME = "$(TARGET_NAME)";
				TARGETED_DEVICE_FAMILY = "1,2";
				TEST_HOST = "$(BUILT_PRODUCTS_DIR)/FadeNavigationController_Example.app/FadeNavigationController_Example";
			};
			name = Debug;
		};
		9AC953321FD6493900B5DE20 /* Release */ = {
			isa = XCBuildConfiguration;
			buildSettings = {
				BUNDLE_LOADER = "$(TEST_HOST)";
				CODE_SIGN_STYLE = Automatic;
				INFOPLIST_FILE = FadeNavigationController_ExampleTests/Info.plist;
				LD_RUNPATH_SEARCH_PATHS = "$(inherited) @executable_path/Frameworks @loader_path/Frameworks";
				PRODUCT_BUNDLE_IDENTIFIER = "sy-mac.FadeNavigationController-ExampleTests";
				PRODUCT_NAME = "$(TARGET_NAME)";
				TARGETED_DEVICE_FAMILY = "1,2";
				TEST_HOST = "$(BUILT_PRODUCTS_DIR)/FadeNavigationController_Example.app/FadeNavigationController_Example";
			};
			name = Release;
		};
		9AC953341FD6493900B5DE20 /* Debug */ = {
			isa = XCBuildConfiguration;
			buildSettings = {
				CODE_SIGN_STYLE = Automatic;
				INFOPLIST_FILE = FadeNavigationController_ExampleUITests/Info.plist;
				LD_RUNPATH_SEARCH_PATHS = "$(inherited) @executable_path/Frameworks @loader_path/Frameworks";
				PRODUCT_BUNDLE_IDENTIFIER = "sy-mac.FadeNavigationController-ExampleUITests";
				PRODUCT_NAME = "$(TARGET_NAME)";
				TARGETED_DEVICE_FAMILY = "1,2";
				TEST_TARGET_NAME = FadeNavigationController_Example;
			};
			name = Debug;
		};
		9AC953351FD6493900B5DE20 /* Release */ = {
			isa = XCBuildConfiguration;
			buildSettings = {
				CODE_SIGN_STYLE = Automatic;
				INFOPLIST_FILE = FadeNavigationController_ExampleUITests/Info.plist;
				LD_RUNPATH_SEARCH_PATHS = "$(inherited) @executable_path/Frameworks @loader_path/Frameworks";
				PRODUCT_BUNDLE_IDENTIFIER = "sy-mac.FadeNavigationController-ExampleUITests";
				PRODUCT_NAME = "$(TARGET_NAME)";
				TARGETED_DEVICE_FAMILY = "1,2";
				TEST_TARGET_NAME = FadeNavigationController_Example;
			};
			name = Release;
		};
/* End XCBuildConfiguration section */

/* Begin XCConfigurationList section */
		9AC952FC1FD6493900B5DE20 /* Build configuration list for PBXProject "FadeNavigationController_Example" */ = {
			isa = XCConfigurationList;
			buildConfigurations = (
				9AC9532B1FD6493900B5DE20 /* Debug */,
				9AC9532C1FD6493900B5DE20 /* Release */,
			);
			defaultConfigurationIsVisible = 0;
			defaultConfigurationName = Release;
		};
		9AC9532D1FD6493900B5DE20 /* Build configuration list for PBXNativeTarget "FadeNavigationController_Example" */ = {
			isa = XCConfigurationList;
			buildConfigurations = (
				9AC9532E1FD6493900B5DE20 /* Debug */,
				9AC9532F1FD6493900B5DE20 /* Release */,
			);
			defaultConfigurationIsVisible = 0;
			defaultConfigurationName = Release;
		};
		9AC953301FD6493900B5DE20 /* Build configuration list for PBXNativeTarget "FadeNavigationController_ExampleTests" */ = {
			isa = XCConfigurationList;
			buildConfigurations = (
				9AC953311FD6493900B5DE20 /* Debug */,
				9AC953321FD6493900B5DE20 /* Release */,
			);
			defaultConfigurationIsVisible = 0;
			defaultConfigurationName = Release;
		};
		9AC953331FD6493900B5DE20 /* Build configuration list for PBXNativeTarget "FadeNavigationController_ExampleUITests" */ = {
			isa = XCConfigurationList;
			buildConfigurations = (
				9AC953341FD6493900B5DE20 /* Debug */,
				9AC953351FD6493900B5DE20 /* Release */,
			);
			defaultConfigurationIsVisible = 0;
			defaultConfigurationName = Release;
		};
/* End XCConfigurationList section */
	};
	rootObject = 9AC952F91FD6493900B5DE20 /* Project object */;
}
